// !$*UTF8*$!
{
	archiveVersion = 1;
	classes = {
	};
	objectVersion = 77;
	objects = {

/* Begin PBXContainerItemProxy section */
		87BC1FBD2C9BFBFD00330664 /* PBXContainerItemProxy */ = {
			isa = PBXContainerItemProxy;
			containerPortal = 87BC1FA42C9BFBFA00330664 /* Project object */;
			proxyType = 1;
			remoteGlobalIDString = 87BC1FAB2C9BFBFA00330664;
			remoteInfo = helloWorld2;
		};
		87BC1FC72C9BFBFD00330664 /* PBXContainerItemProxy */ = {
			isa = PBXContainerItemProxy;
			containerPortal = 87BC1FA42C9BFBFA00330664 /* Project object */;
			proxyType = 1;
			remoteGlobalIDString = 87BC1FAB2C9BFBFA00330664;
			remoteInfo = helloWorld2;
		};
/* End PBXContainerItemProxy section */

/* Begin PBXFileReference section */
		87BC1FAC2C9BFBFA00330664 /* helloWorld2.app */ = {isa = PBXFileReference; explicitFileType = wrapper.application; includeInIndex = 0; path = helloWorld2.app; sourceTree = BUILT_PRODUCTS_DIR; };
		87BC1FBC2C9BFBFD00330664 /* helloWorld2Tests.xctest */ = {isa = PBXFileReference; explicitFileType = wrapper.cfbundle; includeInIndex = 0; path = helloWorld2Tests.xctest; sourceTree = BUILT_PRODUCTS_DIR; };
		87BC1FC62C9BFBFD00330664 /* helloWorld2UITests.xctest */ = {isa = PBXFileReference; explicitFileType = wrapper.cfbundle; includeInIndex = 0; path = helloWorld2UITests.xctest; sourceTree = BUILT_PRODUCTS_DIR; };
/* End PBXFileReference section */

/* Begin PBXFileSystemSynchronizedRootGroup section */
		87BC1FAE2C9BFBFA00330664 /* helloWorld2 */ = {
			isa = PBXFileSystemSynchronizedRootGroup;
			path = helloWorld2;
			sourceTree = "<group>";
		};
		87BC1FBF2C9BFBFD00330664 /* helloWorld2Tests */ = {
			isa = PBXFileSystemSynchronizedRootGroup;
			path = helloWorld2Tests;
			sourceTree = "<group>";
		};
		87BC1FC92C9BFBFD00330664 /* helloWorld2UITests */ = {
			isa = PBXFileSystemSynchronizedRootGroup;
			path = helloWorld2UITests;
			sourceTree = "<group>";
		};
/* End PBXFileSystemSynchronizedRootGroup section */

/* Begin PBXFrameworksBuildPhase section */
		87BC1FA92C9BFBFA00330664 /* Frameworks */ = {
			isa = PBXFrameworksBuildPhase;
			buildActionMask = 2147483647;
			files = (
			);
			runOnlyForDeploymentPostprocessing = 0;
		};
		87BC1FB92C9BFBFD00330664 /* Frameworks */ = {
			isa = PBXFrameworksBuildPhase;
			buildActionMask = 2147483647;
			files = (
			);
			runOnlyForDeploymentPostprocessing = 0;
		};
		87BC1FC32C9BFBFD00330664 /* Frameworks */ = {
			isa = PBXFrameworksBuildPhase;
			buildActionMask = 2147483647;
			files = (
			);
			runOnlyForDeploymentPostprocessing = 0;
		};
/* End PBXFrameworksBuildPhase section */

/* Begin PBXGroup section */
		87BC1FA32C9BFBFA00330664 = {
			isa = PBXGroup;
			children = (
				87BC1FAE2C9BFBFA00330664 /* helloWorld2 */,
				87BC1FBF2C9BFBFD00330664 /* helloWorld2Tests */,
				87BC1FC92C9BFBFD00330664 /* helloWorld2UITests */,
				87BC1FAD2C9BFBFA00330664 /* Products */,
			);
			sourceTree = "<group>";
		};
		87BC1FAD2C9BFBFA00330664 /* Products */ = {
			isa = PBXGroup;
			children = (
				87BC1FAC2C9BFBFA00330664 /* helloWorld2.app */,
				87BC1FBC2C9BFBFD00330664 /* helloWorld2Tests.xctest */,
				87BC1FC62C9BFBFD00330664 /* helloWorld2UITests.xctest */,
			);
			name = Products;
			sourceTree = "<group>";
		};
/* End PBXGroup section */

/* Begin PBXNativeTarget section */
		87BC1FAB2C9BFBFA00330664 /* helloWorld2 */ = {
			isa = PBXNativeTarget;
			buildConfigurationList = 87BC1FD02C9BFBFD00330664 /* Build configuration list for PBXNativeTarget "helloWorld2" */;
			buildPhases = (
				87BC1FA82C9BFBFA00330664 /* Sources */,
				87BC1FA92C9BFBFA00330664 /* Frameworks */,
				87BC1FAA2C9BFBFA00330664 /* Resources */,
			);
			buildRules = (
			);
			dependencies = (
			);
			fileSystemSynchronizedGroups = (
				87BC1FAE2C9BFBFA00330664 /* helloWorld2 */,
			);
			name = helloWorld2;
			packageProductDependencies = (
			);
			productName = helloWorld2;
			productReference = 87BC1FAC2C9BFBFA00330664 /* helloWorld2.app */;
			productType = "com.apple.product-type.application";
		};
		87BC1FBB2C9BFBFD00330664 /* helloWorld2Tests */ = {
			isa = PBXNativeTarget;
			buildConfigurationList = 87BC1FD32C9BFBFD00330664 /* Build configuration list for PBXNativeTarget "helloWorld2Tests" */;
			buildPhases = (
				87BC1FB82C9BFBFD00330664 /* Sources */,
				87BC1FB92C9BFBFD00330664 /* Frameworks */,
				87BC1FBA2C9BFBFD00330664 /* Resources */,
			);
			buildRules = (
			);
			dependencies = (
				87BC1FBE2C9BFBFD00330664 /* PBXTargetDependency */,
			);
			fileSystemSynchronizedGroups = (
				87BC1FBF2C9BFBFD00330664 /* helloWorld2Tests */,
			);
			name = helloWorld2Tests;
			packageProductDependencies = (
			);
			productName = helloWorld2Tests;
			productReference = 87BC1FBC2C9BFBFD00330664 /* helloWorld2Tests.xctest */;
			productType = "com.apple.product-type.bundle.unit-test";
		};
		87BC1FC52C9BFBFD00330664 /* helloWorld2UITests */ = {
			isa = PBXNativeTarget;
			buildConfigurationList = 87BC1FD62C9BFBFD00330664 /* Build configuration list for PBXNativeTarget "helloWorld2UITests" */;
			buildPhases = (
				87BC1FC22C9BFBFD00330664 /* Sources */,
				87BC1FC32C9BFBFD00330664 /* Frameworks */,
				87BC1FC42C9BFBFD00330664 /* Resources */,
			);
			buildRules = (
			);
			dependencies = (
				87BC1FC82C9BFBFD00330664 /* PBXTargetDependency */,
			);
			fileSystemSynchronizedGroups = (
				87BC1FC92C9BFBFD00330664 /* helloWorld2UITests */,
			);
			name = helloWorld2UITests;
			packageProductDependencies = (
			);
			productName = helloWorld2UITests;
			productReference = 87BC1FC62C9BFBFD00330664 /* helloWorld2UITests.xctest */;
			productType = "com.apple.product-type.bundle.ui-testing";
		};
/* End PBXNativeTarget section */

/* Begin PBXProject section */
		87BC1FA42C9BFBFA00330664 /* Project object */ = {
			isa = PBXProject;
			attributes = {
				BuildIndependentTargetsInParallel = 1;
				LastSwiftUpdateCheck = 1600;
				LastUpgradeCheck = 1600;
				TargetAttributes = {
					87BC1FAB2C9BFBFA00330664 = {
						CreatedOnToolsVersion = 16.0;
					};
					87BC1FBB2C9BFBFD00330664 = {
						CreatedOnToolsVersion = 16.0;
						TestTargetID = 87BC1FAB2C9BFBFA00330664;
					};
					87BC1FC52C9BFBFD00330664 = {
						CreatedOnToolsVersion = 16.0;
						TestTargetID = 87BC1FAB2C9BFBFA00330664;
					};
				};
			};
			buildConfigurationList = 87BC1FA72C9BFBFA00330664 /* Build configuration list for PBXProject "helloWorld2" */;
			developmentRegion = en;
			hasScannedForEncodings = 0;
			knownRegions = (
				en,
				Base,
			);
			mainGroup = 87BC1FA32C9BFBFA00330664;
			minimizedProjectReferenceProxies = 1;
			preferredProjectObjectVersion = 77;
			productRefGroup = 87BC1FAD2C9BFBFA00330664 /* Products */;
			projectDirPath = "";
			projectRoot = "";
			targets = (
				87BC1FAB2C9BFBFA00330664 /* helloWorld2 */,
				87BC1FBB2C9BFBFD00330664 /* helloWorld2Tests */,
				87BC1FC52C9BFBFD00330664 /* helloWorld2UITests */,
			);
		};
/* End PBXProject section */

/* Begin PBXResourcesBuildPhase section */
		87BC1FAA2C9BFBFA00330664 /* Resources */ = {
			isa = PBXResourcesBuildPhase;
			buildActionMask = 2147483647;
			files = (
			);
			runOnlyForDeploymentPostprocessing = 0;
		};
		87BC1FBA2C9BFBFD00330664 /* Resources */ = {
			isa = PBXResourcesBuildPhase;
			buildActionMask = 2147483647;
			files = (
			);
			runOnlyForDeploymentPostprocessing = 0;
		};
		87BC1FC42C9BFBFD00330664 /* Resources */ = {
			isa = PBXResourcesBuildPhase;
			buildActionMask = 2147483647;
			files = (
			);
			runOnlyForDeploymentPostprocessing = 0;
		};
/* End PBXResourcesBuildPhase section */

/* Begin PBXSourcesBuildPhase section */
		87BC1FA82C9BFBFA00330664 /* Sources */ = {
			isa = PBXSourcesBuildPhase;
			buildActionMask = 2147483647;
			files = (
			);
			runOnlyForDeploymentPostprocessing = 0;
		};
		87BC1FB82C9BFBFD00330664 /* Sources */ = {
			isa = PBXSourcesBuildPhase;
			buildActionMask = 2147483647;
			files = (
			);
			runOnlyForDeploymentPostprocessing = 0;
		};
		87BC1FC22C9BFBFD00330664 /* Sources */ = {
			isa = PBXSourcesBuildPhase;
			buildActionMask = 2147483647;
			files = (
			);
			runOnlyForDeploymentPostprocessing = 0;
		};
/* End PBXSourcesBuildPhase section */

/* Begin PBXTargetDependency section */
		87BC1FBE2C9BFBFD00330664 /* PBXTargetDependency */ = {
			isa = PBXTargetDependency;
			target = 87BC1FAB2C9BFBFA00330664 /* helloWorld2 */;
			targetProxy = 87BC1FBD2C9BFBFD00330664 /* PBXContainerItemProxy */;
		};
		87BC1FC82C9BFBFD00330664 /* PBXTargetDependency */ = {
			isa = PBXTargetDependency;
			target = 87BC1FAB2C9BFBFA00330664 /* helloWorld2 */;
			targetProxy = 87BC1FC72C9BFBFD00330664 /* PBXContainerItemProxy */;
		};
/* End PBXTargetDependency section */

/* Begin XCBuildConfiguration section */
		87BC1FCE2C9BFBFD00330664 /* Debug */ = {
			isa = XCBuildConfiguration;
			buildSettings = {
				ALWAYS_SEARCH_USER_PATHS = NO;
				ASSETCATALOG_COMPILER_GENERATE_SWIFT_ASSET_SYMBOL_EXTENSIONS = YES;
				CLANG_ANALYZER_NONNULL = YES;
				CLANG_ANALYZER_NUMBER_OBJECT_CONVERSION = YES_AGGRESSIVE;
				CLANG_CXX_LANGUAGE_STANDARD = "gnu++20";
				CLANG_ENABLE_MODULES = YES;
				CLANG_ENABLE_OBJC_ARC = YES;
				CLANG_ENABLE_OBJC_WEAK = YES;
				CLANG_WARN_BLOCK_CAPTURE_AUTORELEASING = YES;
				CLANG_WARN_BOOL_CONVERSION = YES;
				CLANG_WARN_COMMA = YES;
				CLANG_WARN_CONSTANT_CONVERSION = YES;
				CLANG_WARN_DEPRECATED_OBJC_IMPLEMENTATIONS = YES;
				CLANG_WARN_DIRECT_OBJC_ISA_USAGE = YES_ERROR;
				CLANG_WARN_DOCUMENTATION_COMMENTS = YES;
				CLANG_WARN_EMPTY_BODY = YES;
				CLANG_WARN_ENUM_CONVERSION = YES;
				CLANG_WARN_INFINITE_RECURSION = YES;
				CLANG_WARN_INT_CONVERSION = YES;
				CLANG_WARN_NON_LITERAL_NULL_CONVERSION = YES;
				CLANG_WARN_OBJC_IMPLICIT_RETAIN_SELF = YES;
				CLANG_WARN_OBJC_LITERAL_CONVERSION = YES;
				CLANG_WARN_OBJC_ROOT_CLASS = YES_ERROR;
				CLANG_WARN_QUOTED_INCLUDE_IN_FRAMEWORK_HEADER = YES;
				CLANG_WARN_RANGE_LOOP_ANALYSIS = YES;
				CLANG_WARN_STRICT_PROTOTYPES = YES;
				CLANG_WARN_SUSPICIOUS_MOVE = YES;
				CLANG_WARN_UNGUARDED_AVAILABILITY = YES_AGGRESSIVE;
				CLANG_WARN_UNREACHABLE_CODE = YES;
				CLANG_WARN__DUPLICATE_METHOD_MATCH = YES;
				COPY_PHASE_STRIP = NO;
				DEBUG_INFORMATION_FORMAT = dwarf;
				ENABLE_STRICT_OBJC_MSGSEND = YES;
				ENABLE_TESTABILITY = YES;
				ENABLE_USER_SCRIPT_SANDBOXING = YES;
				GCC_C_LANGUAGE_STANDARD = gnu17;
				GCC_DYNAMIC_NO_PIC = NO;
				GCC_NO_COMMON_BLOCKS = YES;
				GCC_OPTIMIZATION_LEVEL = 0;
				GCC_PREPROCESSOR_DEFINITIONS = (
					"DEBUG=1",
					"$(inherited)",
				);
				GCC_WARN_64_TO_32_BIT_CONVERSION = YES;
				GCC_WARN_ABOUT_RETURN_TYPE = YES_ERROR;
				GCC_WARN_UNDECLARED_SELECTOR = YES;
				GCC_WARN_UNINITIALIZED_AUTOS = YES_AGGRESSIVE;
				GCC_WARN_UNUSED_FUNCTION = YES;
				GCC_WARN_UNUSED_VARIABLE = YES;
				IPHONEOS_DEPLOYMENT_TARGET = 18.0;
				LOCALIZATION_PREFERS_STRING_CATALOGS = YES;
				MTL_ENABLE_DEBUG_INFO = INCLUDE_SOURCE;
				MTL_FAST_MATH = YES;
				ONLY_ACTIVE_ARCH = YES;
				SDKROOT = iphoneos;
				SWIFT_ACTIVE_COMPILATION_CONDITIONS = "DEBUG $(inherited)";
				SWIFT_OPTIMIZATION_LEVEL = "-Onone";
			};
			name = Debug;
		};
		87BC1FCF2C9BFBFD00330664 /* Release */ = {
			isa = XCBuildConfiguration;
			buildSettings = {
				ALWAYS_SEARCH_USER_PATHS = NO;
				ASSETCATALOG_COMPILER_GENERATE_SWIFT_ASSET_SYMBOL_EXTENSIONS = YES;
				CLANG_ANALYZER_NONNULL = YES;
				CLANG_ANALYZER_NUMBER_OBJECT_CONVERSION = YES_AGGRESSIVE;
				CLANG_CXX_LANGUAGE_STANDARD = "gnu++20";
				CLANG_ENABLE_MODULES = YES;
				CLANG_ENABLE_OBJC_ARC = YES;
				CLANG_ENABLE_OBJC_WEAK = YES;
				CLANG_WARN_BLOCK_CAPTURE_AUTORELEASING = YES;
				CLANG_WARN_BOOL_CONVERSION = YES;
				CLANG_WARN_COMMA = YES;
				CLANG_WARN_CONSTANT_CONVERSION = YES;
				CLANG_WARN_DEPRECATED_OBJC_IMPLEMENTATIONS = YES;
				CLANG_WARN_DIRECT_OBJC_ISA_USAGE = YES_ERROR;
				CLANG_WARN_DOCUMENTATION_COMMENTS = YES;
				CLANG_WARN_EMPTY_BODY = YES;
				CLANG_WARN_ENUM_CONVERSION = YES;
				CLANG_WARN_INFINITE_RECURSION = YES;
				CLANG_WARN_INT_CONVERSION = YES;
				CLANG_WARN_NON_LITERAL_NULL_CONVERSION = YES;
				CLANG_WARN_OBJC_IMPLICIT_RETAIN_SELF = YES;
				CLANG_WARN_OBJC_LITERAL_CONVERSION = YES;
				CLANG_WARN_OBJC_ROOT_CLASS = YES_ERROR;
				CLANG_WARN_QUOTED_INCLUDE_IN_FRAMEWORK_HEADER = YES;
				CLANG_WARN_RANGE_LOOP_ANALYSIS = YES;
				CLANG_WARN_STRICT_PROTOTYPES = YES;
				CLANG_WARN_SUSPICIOUS_MOVE = YES;
				CLANG_WARN_UNGUARDED_AVAILABILITY = YES_AGGRESSIVE;
				CLANG_WARN_UNREACHABLE_CODE = YES;
				CLANG_WARN__DUPLICATE_METHOD_MATCH = YES;
				COPY_PHASE_STRIP = NO;
				DEBUG_INFORMATION_FORMAT = "dwarf-with-dsym";
				ENABLE_NS_ASSERTIONS = NO;
				ENABLE_STRICT_OBJC_MSGSEND = YES;
				ENABLE_USER_SCRIPT_SANDBOXING = YES;
				GCC_C_LANGUAGE_STANDARD = gnu17;
				GCC_NO_COMMON_BLOCKS = YES;
				GCC_WARN_64_TO_32_BIT_CONVERSION = YES;
				GCC_WARN_ABOUT_RETURN_TYPE = YES_ERROR;
				GCC_WARN_UNDECLARED_SELECTOR = YES;
				GCC_WARN_UNINITIALIZED_AUTOS = YES_AGGRESSIVE;
				GCC_WARN_UNUSED_FUNCTION = YES;
				GCC_WARN_UNUSED_VARIABLE = YES;
				IPHONEOS_DEPLOYMENT_TARGET = 18.0;
				LOCALIZATION_PREFERS_STRING_CATALOGS = YES;
				MTL_ENABLE_DEBUG_INFO = NO;
				MTL_FAST_MATH = YES;
				SDKROOT = iphoneos;
				SWIFT_COMPILATION_MODE = wholemodule;
				VALIDATE_PRODUCT = YES;
			};
			name = Release;
		};
		87BC1FD12C9BFBFD00330664 /* Debug */ = {
			isa = XCBuildConfiguration;
			buildSettings = {
				ASSETCATALOG_COMPILER_APPICON_NAME = AppIcon;
				ASSETCATALOG_COMPILER_GLOBAL_ACCENT_COLOR_NAME = AccentColor;
				CODE_SIGN_STYLE = Automatic;
				CURRENT_PROJECT_VERSION = 1;
				DEVELOPMENT_ASSET_PATHS = "\"helloWorld2/Preview Content\"";
				DEVELOPMENT_TEAM = 8WYLKPJGFW;
				ENABLE_PREVIEWS = YES;
				GENERATE_INFOPLIST_FILE = YES;
				INFOPLIST_KEY_UIApplicationSceneManifest_Generation = YES;
				INFOPLIST_KEY_UIApplicationSupportsIndirectInputEvents = YES;
				INFOPLIST_KEY_UILaunchScreen_Generation = YES;
				INFOPLIST_KEY_UISupportedInterfaceOrientations_iPad = "UIInterfaceOrientationPortrait UIInterfaceOrientationPortraitUpsideDown UIInterfaceOrientationLandscapeLeft UIInterfaceOrientationLandscapeRight";
				INFOPLIST_KEY_UISupportedInterfaceOrientations_iPhone = "UIInterfaceOrientationPortrait UIInterfaceOrientationLandscapeLeft UIInterfaceOrientationLandscapeRight";
				LD_RUNPATH_SEARCH_PATHS = (
					"$(inherited)",
					"@executable_path/Frameworks",
				);
				MARKETING_VERSION = 1.0;
				PRODUCT_BUNDLE_IDENTIFIER = "Mike-Nikitin.helloWorld2";
				PRODUCT_NAME = "$(TARGET_NAME)";
				SWIFT_EMIT_LOC_STRINGS = YES;
				SWIFT_VERSION = 5.0;
				TARGETED_DEVICE_FAMILY = "1,2";
			};
			name = Debug;
		};
		87BC1FD22C9BFBFD00330664 /* Release */ = {
			isa = XCBuildConfiguration;
			buildSettings = {
				ASSETCATALOG_COMPILER_APPICON_NAME = AppIcon;
				ASSETCATALOG_COMPILER_GLOBAL_ACCENT_COLOR_NAME = AccentColor;
				CODE_SIGN_STYLE = Automatic;
				CURRENT_PROJECT_VERSION = 1;
				DEVELOPMENT_ASSET_PATHS = "\"helloWorld2/Preview Content\"";
				DEVELOPMENT_TEAM = 8WYLKPJGFW;
				ENABLE_PREVIEWS = YES;
				GENERATE_INFOPLIST_FILE = YES;
				INFOPLIST_KEY_UIApplicationSceneManifest_Generation = YES;
				INFOPLIST_KEY_UIApplicationSupportsIndirectInputEvents = YES;
				INFOPLIST_KEY_UILaunchScreen_Generation = YES;
				INFOPLIST_KEY_UISupportedInterfaceOrientations_iPad = "UIInterfaceOrientationPortrait UIInterfaceOrientationPortraitUpsideDown UIInterfaceOrientationLandscapeLeft UIInterfaceOrientationLandscapeRight";
				INFOPLIST_KEY_UISupportedInterfaceOrientations_iPhone = "UIInterfaceOrientationPortrait UIInterfaceOrientationLandscapeLeft UIInterfaceOrientationLandscapeRight";
				LD_RUNPATH_SEARCH_PATHS = (
					"$(inherited)",
					"@executable_path/Frameworks",
				);
				MARKETING_VERSION = 1.0;
				PRODUCT_BUNDLE_IDENTIFIER = "Mike-Nikitin.helloWorld2";
				PRODUCT_NAME = "$(TARGET_NAME)";
				SWIFT_EMIT_LOC_STRINGS = YES;
				SWIFT_VERSION = 5.0;
				TARGETED_DEVICE_FAMILY = "1,2";
			};
			name = Release;
		};
		87BC1FD42C9BFBFD00330664 /* Debug */ = {
			isa = XCBuildConfiguration;
			buildSettings = {
				BUNDLE_LOADER = "$(TEST_HOST)";
				CODE_SIGN_STYLE = Automatic;
				CURRENT_PROJECT_VERSION = 1;
				DEVELOPMENT_TEAM = 8WYLKPJGFW;
				GENERATE_INFOPLIST_FILE = YES;
				IPHONEOS_DEPLOYMENT_TARGET = 18.0;
				MARKETING_VERSION = 1.0;
				PRODUCT_BUNDLE_IDENTIFIER = "Mike-Nikitin.helloWorld2Tests";
				PRODUCT_NAME = "$(TARGET_NAME)";
				SWIFT_EMIT_LOC_STRINGS = NO;
				SWIFT_VERSION = 5.0;
				TARGETED_DEVICE_FAMILY = "1,2";
				TEST_HOST = "$(BUILT_PRODUCTS_DIR)/helloWorld2.app/$(BUNDLE_EXECUTABLE_FOLDER_PATH)/helloWorld2";
			};
			name = Debug;
		};
		87BC1FD52C9BFBFD00330664 /* Release */ = {
			isa = XCBuildConfiguration;
			buildSettings = {
				BUNDLE_LOADER = "$(TEST_HOST)";
				CODE_SIGN_STYLE = Automatic;
				CURRENT_PROJECT_VERSION = 1;
				DEVELOPMENT_TEAM = 8WYLKPJGFW;
				GENERATE_INFOPLIST_FILE = YES;
				IPHONEOS_DEPLOYMENT_TARGET = 18.0;
				MARKETING_VERSION = 1.0;
				PRODUCT_BUNDLE_IDENTIFIER = "Mike-Nikitin.helloWorld2Tests";
				PRODUCT_NAME = "$(TARGET_NAME)";
				SWIFT_EMIT_LOC_STRINGS = NO;
				SWIFT_VERSION = 5.0;
				TARGETED_DEVICE_FAMILY = "1,2";
				TEST_HOST = "$(BUILT_PRODUCTS_DIR)/helloWorld2.app/$(BUNDLE_EXECUTABLE_FOLDER_PATH)/helloWorld2";
			};
			name = Release;
		};
		87BC1FD72C9BFBFD00330664 /* Debug */ = {
			isa = XCBuildConfiguration;
			buildSettings = {
				CODE_SIGN_STYLE = Automatic;
				CURRENT_PROJECT_VERSION = 1;
				DEVELOPMENT_TEAM = 8WYLKPJGFW;
				GENERATE_INFOPLIST_FILE = YES;
				MARKETING_VERSION = 1.0;
				PRODUCT_BUNDLE_IDENTIFIER = "Mike-Nikitin.helloWorld2UITests";
				PRODUCT_NAME = "$(TARGET_NAME)";
				SWIFT_EMIT_LOC_STRINGS = NO;
				SWIFT_VERSION = 5.0;
				TARGETED_DEVICE_FAMILY = "1,2";
				TEST_TARGET_NAME = helloWorld2;
			};
			name = Debug;
		};
		87BC1FD82C9BFBFD00330664 /* Release */ = {
			isa = XCBuildConfiguration;
			buildSettings = {
				CODE_SIGN_STYLE = Automatic;
				CURRENT_PROJECT_VERSION = 1;
				DEVELOPMENT_TEAM = 8WYLKPJGFW;
				GENERATE_INFOPLIST_FILE = YES;
				MARKETING_VERSION = 1.0;
				PRODUCT_BUNDLE_IDENTIFIER = "Mike-Nikitin.helloWorld2UITests";
				PRODUCT_NAME = "$(TARGET_NAME)";
				SWIFT_EMIT_LOC_STRINGS = NO;
				SWIFT_VERSION = 5.0;
				TARGETED_DEVICE_FAMILY = "1,2";
				TEST_TARGET_NAME = helloWorld2;
			};
			name = Release;
		};
/* End XCBuildConfiguration section */

/* Begin XCConfigurationList section */
		87BC1FA72C9BFBFA00330664 /* Build configuration list for PBXProject "helloWorld2" */ = {
			isa = XCConfigurationList;
			buildConfigurations = (
				87BC1FCE2C9BFBFD00330664 /* Debug */,
				87BC1FCF2C9BFBFD00330664 /* Release */,
			);
			defaultConfigurationIsVisible = 0;
			defaultConfigurationName = Release;
		};
		87BC1FD02C9BFBFD00330664 /* Build configuration list for PBXNativeTarget "helloWorld2" */ = {
			isa = XCConfigurationList;
			buildConfigurations = (
				87BC1FD12C9BFBFD00330664 /* Debug */,
				87BC1FD22C9BFBFD00330664 /* Release */,
			);
			defaultConfigurationIsVisible = 0;
			defaultConfigurationName = Release;
		};
		87BC1FD32C9BFBFD00330664 /* Build configuration list for PBXNativeTarget "helloWorld2Tests" */ = {
			isa = XCConfigurationList;
			buildConfigurations = (
				87BC1FD42C9BFBFD00330664 /* Debug */,
				87BC1FD52C9BFBFD00330664 /* Release */,
			);
			defaultConfigurationIsVisible = 0;
			defaultConfigurationName = Release;
		};
		87BC1FD62C9BFBFD00330664 /* Build configuration list for PBXNativeTarget "helloWorld2UITests" */ = {
			isa = XCConfigurationList;
			buildConfigurations = (
				87BC1FD72C9BFBFD00330664 /* Debug */,
				87BC1FD82C9BFBFD00330664 /* Release */,
			);
			defaultConfigurationIsVisible = 0;
			defaultConfigurationName = Release;
		};
/* End XCConfigurationList section */
	};
	rootObject = 87BC1FA42C9BFBFA00330664 /* Project object */;
}
